Microsoft Visual Studio Solution File, Format Version 12.00
# Visual Studio Version 17
VisualStudioVersion = 17.0.31903.59
MinimumVisualStudioVersion = 10.0.40219.1
Project("{FAE04EC0-301F-11D3-BF4B-00C04F79EFBC}") = "SapConnection", "SapConnection\SapConnection.csproj", "{51F84C5B-497F-429C-9516-99F14F5B545D}"
EndProject
Project("{FAE04EC0-301F-11D3-BF4B-00C04F79EFBC}") = "SapConnection.Api", "SapConnection.Api\SapConnection.Api.csproj", "{34027D22-D918-4447-8D4B-2EE7AA2DBB59}"
EndProject
Global
	GlobalSection(SolutionConfigurationPlatforms) = preSolution
		Debug|Any CPU = Debug|Any CPU
		Release|Any CPU = Release|Any CPU
	EndGlobalSection
	GlobalSection(ProjectConfigurationPlatforms) = postSolution
		{51F84C5B-497F-429C-9516-99F14F5B545D}.Debug|Any CPU.ActiveCfg = Debug|Any CPU
		{51F84C5B-497F-429C-9516-99F14F5B545D}.Debug|Any CPU.Build.0 = Debug|Any CPU
		{51F84C5B-497F-429C-9516-99F14F5B545D}.Release|Any CPU.ActiveCfg = Release|Any CPU
		{51F84C5B-497F-429C-9516-99F14F5B545D}.Release|Any CPU.Build.0 = Release|Any CPU
		{34027D22-D918-4447-8D4B-2EE7AA2DBB59}.Debug|Any CPU.ActiveCfg = Debug|Any CPU
		{34027D22-D918-4447-8D4B-2EE7AA2DBB59}.Debug|Any CPU.Build.0 = Debug|Any CPU
		{34027D22-D918-4447-8D4B-2EE7AA2DBB59}.Release|Any CPU.ActiveCfg = Release|Any CPU
		{34027D22-D918-4447-8D4B-2EE7AA2DBB59}.Release|Any CPU.Build.0 = Release|Any CPU
	EndGlobalSection
	GlobalSection(SolutionProperties) = preSolution
		HideSolutionNode = FALSE
	EndGlobalSection
	GlobalSection(ExtensibilityGlobals) = postSolution
		SolutionGuid = {FEA4867B-232B-4816-BB83-BB5C7522CFDA}
	EndGlobalSection
EndGlobal
